// !$*UTF8*$!
{
	archiveVersion = 1;
	classes = {
	};
	objectVersion = 46;
	objects = {

/* Begin PBXBuildFile section */
		4ACB2B531C3DE46400D1F24E /* AppDelegate.swift in Sources */ = {isa = PBXBuildFile; fileRef = 4ACB2B521C3DE46400D1F24E /* AppDelegate.swift */; };
		4ACB2B5A1C3DE46500D1F24E /* Assets.xcassets in Resources */ = {isa = PBXBuildFile; fileRef = 4ACB2B591C3DE46500D1F24E /* Assets.xcassets */; };
		4ACB2B5D1C3DE46500D1F24E /* LaunchScreen.storyboard in Resources */ = {isa = PBXBuildFile; fileRef = 4ACB2B5B1C3DE46500D1F24E /* LaunchScreen.storyboard */; };
		4ACB2B651C3DE47800D1F24E /* FlowController.swift in Sources */ = {isa = PBXBuildFile; fileRef = 4ACB2B641C3DE47800D1F24E /* FlowController.swift */; };
		4ACB2B671C3DE65900D1F24E /* SplashPage.swift in Sources */ = {isa = PBXBuildFile; fileRef = 4ACB2B661C3DE65900D1F24E /* SplashPage.swift */; };
		4ACB2B691C3DEA0200D1F24E /* RegistrationController.swift in Sources */ = {isa = PBXBuildFile; fileRef = 4ACB2B681C3DEA0200D1F24E /* RegistrationController.swift */; };
		4ACB2B6B1C3DED3800D1F24E /* User.swift in Sources */ = {isa = PBXBuildFile; fileRef = 4ACB2B6A1C3DED3800D1F24E /* User.swift */; };
		4ACB2B6D1C3EECD800D1F24E /* PersonalizationController.swift in Sources */ = {isa = PBXBuildFile; fileRef = 4ACB2B6C1C3EECD800D1F24E /* PersonalizationController.swift */; };
		4ACB2B711C3F06DF00D1F24E /* LoginAndRegistrationController.xib in Resources */ = {isa = PBXBuildFile; fileRef = 4ACB2B701C3F06DF00D1F24E /* LoginAndRegistrationController.xib */; };
		4ACB2B731C3F06EA00D1F24E /* SplashPage.xib in Resources */ = {isa = PBXBuildFile; fileRef = 4ACB2B721C3F06EA00D1F24E /* SplashPage.xib */; };
		4ACB2B751C3F06F700D1F24E /* OnboardingController.xib in Resources */ = {isa = PBXBuildFile; fileRef = 4ACB2B741C3F06F700D1F24E /* OnboardingController.xib */; };
		4ACB2B781C3F99AD00D1F24E /* LoginController.swift in Sources */ = {isa = PBXBuildFile; fileRef = 4ACB2B771C3F99AD00D1F24E /* LoginController.swift */; };
/* End PBXBuildFile section */

/* Begin PBXFileReference section */
		4ACB2B4F1C3DE46400D1F24E /* State Machines.app */ = {isa = PBXFileReference; explicitFileType = wrapper.application; includeInIndex = 0; path = "State Machines.app"; sourceTree = BUILT_PRODUCTS_DIR; };
		4ACB2B521C3DE46400D1F24E /* AppDelegate.swift */ = {isa = PBXFileReference; lastKnownFileType = sourcecode.swift; path = AppDelegate.swift; sourceTree = "<group>"; };
		4ACB2B591C3DE46500D1F24E /* Assets.xcassets */ = {isa = PBXFileReference; lastKnownFileType = folder.assetcatalog; path = Assets.xcassets; sourceTree = "<group>"; };
		4ACB2B5C1C3DE46500D1F24E /* Base */ = {isa = PBXFileReference; lastKnownFileType = file.storyboard; name = Base; path = Base.lproj/LaunchScreen.storyboard; sourceTree = "<group>"; };
		4ACB2B5E1C3DE46500D1F24E /* Info.plist */ = {isa = PBXFileReference; lastKnownFileType = text.plist.xml; path = Info.plist; sourceTree = "<group>"; };
		4ACB2B641C3DE47800D1F24E /* FlowController.swift */ = {isa = PBXFileReference; fileEncoding = 4; lastKnownFileType = sourcecode.swift; path = FlowController.swift; sourceTree = "<group>"; };
		4ACB2B661C3DE65900D1F24E /* SplashPage.swift */ = {isa = PBXFileReference; fileEncoding = 4; lastKnownFileType = sourcecode.swift; path = SplashPage.swift; sourceTree = "<group>"; };
		4ACB2B681C3DEA0200D1F24E /* RegistrationController.swift */ = {isa = PBXFileReference; fileEncoding = 4; lastKnownFileType = sourcecode.swift; path = RegistrationController.swift; sourceTree = "<group>"; };
		4ACB2B6A1C3DED3800D1F24E /* User.swift */ = {isa = PBXFileReference; fileEncoding = 4; lastKnownFileType = sourcecode.swift; path = User.swift; sourceTree = "<group>"; };
		4ACB2B6C1C3EECD800D1F24E /* PersonalizationController.swift */ = {isa = PBXFileReference; fileEncoding = 4; lastKnownFileType = sourcecode.swift; path = PersonalizationController.swift; sourceTree = "<group>"; };
		4ACB2B701C3F06DF00D1F24E /* LoginAndRegistrationController.xib */ = {isa = PBXFileReference; fileEncoding = 4; lastKnownFileType = file.xib; path = LoginAndRegistrationController.xib; sourceTree = "<group>"; };
		4ACB2B721C3F06EA00D1F24E /* SplashPage.xib */ = {isa = PBXFileReference; fileEncoding = 4; lastKnownFileType = file.xib; path = SplashPage.xib; sourceTree = "<group>"; };
		4ACB2B741C3F06F700D1F24E /* OnboardingController.xib */ = {isa = PBXFileReference; fileEncoding = 4; lastKnownFileType = file.xib; path = OnboardingController.xib; sourceTree = "<group>"; };
		4ACB2B771C3F99AD00D1F24E /* LoginController.swift */ = {isa = PBXFileReference; fileEncoding = 4; lastKnownFileType = sourcecode.swift; path = LoginController.swift; sourceTree = "<group>"; };
/* End PBXFileReference section */

/* Begin PBXFrameworksBuildPhase section */
		4ACB2B4C1C3DE46400D1F24E /* Frameworks */ = {
			isa = PBXFrameworksBuildPhase;
			buildActionMask = 2147483647;
			files = (
			);
			runOnlyForDeploymentPostprocessing = 0;
		};
/* End PBXFrameworksBuildPhase section */

/* Begin PBXGroup section */
		4ACB2B461C3DE46400D1F24E = {
			isa = PBXGroup;
			children = (
				4ACB2B511C3DE46400D1F24E /* State Machines */,
				4ACB2B501C3DE46400D1F24E /* Products */,
			);
			sourceTree = "<group>";
		};
		4ACB2B501C3DE46400D1F24E /* Products */ = {
			isa = PBXGroup;
			children = (
				4ACB2B4F1C3DE46400D1F24E /* State Machines.app */,
			);
			name = Products;
			sourceTree = "<group>";
		};
		4ACB2B511C3DE46400D1F24E /* State Machines */ = {
			isa = PBXGroup;
			children = (
				4ACB2B521C3DE46400D1F24E /* AppDelegate.swift */,
				4ACB2B641C3DE47800D1F24E /* FlowController.swift */,
				4ACB2B661C3DE65900D1F24E /* SplashPage.swift */,
				4ACB2B681C3DEA0200D1F24E /* RegistrationController.swift */,
				4ACB2B771C3F99AD00D1F24E /* LoginController.swift */,
				4ACB2B6A1C3DED3800D1F24E /* User.swift */,
				4ACB2B6C1C3EECD800D1F24E /* PersonalizationController.swift */,
				4ACB2B591C3DE46500D1F24E /* Assets.xcassets */,
				4ACB2B701C3F06DF00D1F24E /* LoginAndRegistrationController.xib */,
				4ACB2B721C3F06EA00D1F24E /* SplashPage.xib */,
				4ACB2B741C3F06F700D1F24E /* OnboardingController.xib */,
				4ACB2B5B1C3DE46500D1F24E /* LaunchScreen.storyboard */,
				4ACB2B5E1C3DE46500D1F24E /* Info.plist */,
			);
			path = "State Machines";
			sourceTree = "<group>";
		};
/* End PBXGroup section */

/* Begin PBXNativeTarget section */
		4ACB2B4E1C3DE46400D1F24E /* State Machines */ = {
			isa = PBXNativeTarget;
			buildConfigurationList = 4ACB2B611C3DE46500D1F24E /* Build configuration list for PBXNativeTarget "State Machines" */;
			buildPhases = (
				4ACB2B4B1C3DE46400D1F24E /* Sources */,
				4ACB2B4C1C3DE46400D1F24E /* Frameworks */,
				4ACB2B4D1C3DE46400D1F24E /* Resources */,
			);
			buildRules = (
			);
			dependencies = (
			);
			name = "State Machines";
			productName = "State Machines";
			productReference = 4ACB2B4F1C3DE46400D1F24E /* State Machines.app */;
			productType = "com.apple.product-type.application";
		};
/* End PBXNativeTarget section */

/* Begin PBXProject section */
		4ACB2B471C3DE46400D1F24E /* Project object */ = {
			isa = PBXProject;
			attributes = {
				LastSwiftUpdateCheck = 0720;
				LastUpgradeCheck = 0720;
				ORGANIZATIONNAME = "Phillip Tang";
				TargetAttributes = {
					4ACB2B4E1C3DE46400D1F24E = {
						CreatedOnToolsVersion = 7.2;
					};
				};
			};
			buildConfigurationList = 4ACB2B4A1C3DE46400D1F24E /* Build configuration list for PBXProject "State Machines" */;
			compatibilityVersion = "Xcode 3.2";
			developmentRegion = English;
			hasScannedForEncodings = 0;
			knownRegions = (
				en,
				Base,
			);
			mainGroup = 4ACB2B461C3DE46400D1F24E;
			productRefGroup = 4ACB2B501C3DE46400D1F24E /* Products */;
			projectDirPath = "";
			projectRoot = "";
			targets = (
				4ACB2B4E1C3DE46400D1F24E /* State Machines */,
			);
		};
/* End PBXProject section */

/* Begin PBXResourcesBuildPhase section */
		4ACB2B4D1C3DE46400D1F24E /* Resources */ = {
			isa = PBXResourcesBuildPhase;
			buildActionMask = 2147483647;
			files = (
				4ACB2B751C3F06F700D1F24E /* OnboardingController.xib in Resources */,
				4ACB2B5D1C3DE46500D1F24E /* LaunchScreen.storyboard in Resources */,
				4ACB2B5A1C3DE46500D1F24E /* Assets.xcassets in Resources */,
				4ACB2B711C3F06DF00D1F24E /* LoginAndRegistrationController.xib in Resources */,
				4ACB2B731C3F06EA00D1F24E /* SplashPage.xib in Resources */,
			);
			runOnlyForDeploymentPostprocessing = 0;
		};
/* End PBXResourcesBuildPhase section */

/* Begin PBXSourcesBuildPhase section */
		4ACB2B4B1C3DE46400D1F24E /* Sources */ = {
			isa = PBXSourcesBuildPhase;
			buildActionMask = 2147483647;
			files = (
				4ACB2B531C3DE46400D1F24E /* AppDelegate.swift in Sources */,
				4ACB2B6B1C3DED3800D1F24E /* User.swift in Sources */,
				4ACB2B6D1C3EECD800D1F24E /* PersonalizationController.swift in Sources */,
				4ACB2B651C3DE47800D1F24E /* FlowController.swift in Sources */,
				4ACB2B671C3DE65900D1F24E /* SplashPage.swift in Sources */,
				4ACB2B691C3DEA0200D1F24E /* RegistrationController.swift in Sources */,
				4ACB2B781C3F99AD00D1F24E /* LoginController.swift in Sources */,
			);
			runOnlyForDeploymentPostprocessing = 0;
		};
/* End PBXSourcesBuildPhase section */

/* Begin PBXVariantGroup section */
		4ACB2B5B1C3DE46500D1F24E /* LaunchScreen.storyboard */ = {
			isa = PBXVariantGroup;
			children = (
				4ACB2B5C1C3DE46500D1F24E /* Base */,
			);
			name = LaunchScreen.storyboard;
			sourceTree = "<group>";
		};
/* End PBXVariantGroup section */

/* Begin XCBuildConfiguration section */
		4ACB2B5F1C3DE46500D1F24E /* Debug */ = {
			isa = XCBuildConfiguration;
			buildSettings = {
				ALWAYS_SEARCH_USER_PATHS = NO;
				CLANG_CXX_LANGUAGE_STANDARD = "gnu++0x";
				CLANG_CXX_LIBRARY = "libc++";
				CLANG_ENABLE_MODULES = YES;
				CLANG_ENABLE_OBJC_ARC = YES;
				CLANG_WARN_BOOL_CONVERSION = YES;
				CLANG_WARN_CONSTANT_CONVERSION = YES;
				CLANG_WARN_DIRECT_OBJC_ISA_USAGE = YES_ERROR;
				CLANG_WARN_EMPTY_BODY = YES;
				CLANG_WARN_ENUM_CONVERSION = YES;
				CLANG_WARN_INT_CONVERSION = YES;
				CLANG_WARN_OBJC_ROOT_CLASS = YES_ERROR;
				CLANG_WARN_UNREACHABLE_CODE = YES;
				CLANG_WARN__DUPLICATE_METHOD_MATCH = YES;
				"CODE_SIGN_IDENTITY[sdk=iphoneos*]" = "iPhone Developer";
				COPY_PHASE_STRIP = NO;
				DEBUG_INFORMATION_FORMAT = dwarf;
				ENABLE_STRICT_OBJC_MSGSEND = YES;
				ENABLE_TESTABILITY = YES;
				GCC_C_LANGUAGE_STANDARD = gnu99;
				GCC_DYNAMIC_NO_PIC = NO;
				GCC_NO_COMMON_BLOCKS = YES;
				GCC_OPTIMIZATION_LEVEL = 0;
				GCC_PREPROCESSOR_DEFINITIONS = (
					"DEBUG=1",
					"$(inherited)",
				);
				GCC_WARN_64_TO_32_BIT_CONVERSION = YES;
				GCC_WARN_ABOUT_RETURN_TYPE = YES_ERROR;
				GCC_WARN_UNDECLARED_SELECTOR = YES;
				GCC_WARN_UNINITIALIZED_AUTOS = YES_AGGRESSIVE;
				GCC_WARN_UNUSED_FUNCTION = YES;
				GCC_WARN_UNUSED_VARIABLE = YES;
				IPHONEOS_DEPLOYMENT_TARGET = 9.2;
				MTL_ENABLE_DEBUG_INFO = YES;
				ONLY_ACTIVE_ARCH = YES;
				SDKROOT = iphoneos;
				SWIFT_OPTIMIZATION_LEVEL = "-Onone";
				TARGETED_DEVICE_FAMILY = "1,2";
			};
			name = Debug;
		};
		4ACB2B601C3DE46500D1F24E /* Release */ = {
			isa = XCBuildConfiguration;
			buildSettings = {
				ALWAYS_SEARCH_USER_PATHS = NO;
				CLANG_CXX_LANGUAGE_STANDARD = "gnu++0x";
				CLANG_CXX_LIBRARY = "libc++";
				CLANG_ENABLE_MODULES = YES;
				CLANG_ENABLE_OBJC_ARC = YES;
				CLANG_WARN_BOOL_CONVERSION = YES;
				CLANG_WARN_CONSTANT_CONVERSION = YES;
				CLANG_WARN_DIRECT_OBJC_ISA_USAGE = YES_ERROR;
				CLANG_WARN_EMPTY_BODY = YES;
				CLANG_WARN_ENUM_CONVERSION = YES;
				CLANG_WARN_INT_CONVERSION = YES;
				CLANG_WARN_OBJC_ROOT_CLASS = YES_ERROR;
				CLANG_WARN_UNREACHABLE_CODE = YES;
				CLANG_WARN__DUPLICATE_METHOD_MATCH = YES;
				"CODE_SIGN_IDENTITY[sdk=iphoneos*]" = "iPhone Developer";
				COPY_PHASE_STRIP = NO;
				DEBUG_INFORMATION_FORMAT = "dwarf-with-dsym";
				ENABLE_NS_ASSERTIONS = NO;
				ENABLE_STRICT_OBJC_MSGSEND = YES;
				GCC_C_LANGUAGE_STANDARD = gnu99;
				GCC_NO_COMMON_BLOCKS = YES;
				GCC_WARN_64_TO_32_BIT_CONVERSION = YES;
				GCC_WARN_ABOUT_RETURN_TYPE = YES_ERROR;
				GCC_WARN_UNDECLARED_SELECTOR = YES;
				GCC_WARN_UNINITIALIZED_AUTOS = YES_AGGRESSIVE;
				GCC_WARN_UNUSED_FUNCTION = YES;
				GCC_WARN_UNUSED_VARIABLE = YES;
				IPHONEOS_DEPLOYMENT_TARGET = 9.2;
				MTL_ENABLE_DEBUG_INFO = NO;
				SDKROOT = iphoneos;
				TARGETED_DEVICE_FAMILY = "1,2";
				VALIDATE_PRODUCT = YES;
			};
			name = Release;
		};
		4ACB2B621C3DE46500D1F24E /* Debug */ = {
			isa = XCBuildConfiguration;
			buildSettings = {
				ASSETCATALOG_COMPILER_APPICON_NAME = AppIcon;
				INFOPLIST_FILE = "State Machines/Info.plist";
				LD_RUNPATH_SEARCH_PATHS = "$(inherited) @executable_path/Frameworks";
				PRODUCT_BUNDLE_IDENTIFIER = "com.spring.State-Machines";
				PRODUCT_NAME = "$(TARGET_NAME)";
			};
			name = Debug;
		};
		4ACB2B631C3DE46500D1F24E /* Release */ = {
			isa = XCBuildConfiguration;
			buildSettings = {
				ASSETCATALOG_COMPILER_APPICON_NAME = AppIcon;
				INFOPLIST_FILE = "State Machines/Info.plist";
				LD_RUNPATH_SEARCH_PATHS = "$(inherited) @executable_path/Frameworks";
				PRODUCT_BUNDLE_IDENTIFIER = "com.spring.State-Machines";
				PRODUCT_NAME = "$(TARGET_NAME)";
			};
			name = Release;
		};
/* End XCBuildConfiguration section */

/* Begin XCConfigurationList section */
		4ACB2B4A1C3DE46400D1F24E /* Build configuration list for PBXProject "State Machines" */ = {
			isa = XCConfigurationList;
			buildConfigurations = (
				4ACB2B5F1C3DE46500D1F24E /* Debug */,
				4ACB2B601C3DE46500D1F24E /* Release */,
			);
			defaultConfigurationIsVisible = 0;
			defaultConfigurationName = Release;
		};
		4ACB2B611C3DE46500D1F24E /* Build configuration list for PBXNativeTarget "State Machines" */ = {
			isa = XCConfigurationList;
			buildConfigurations = (
				4ACB2B621C3DE46500D1F24E /* Debug */,
				4ACB2B631C3DE46500D1F24E /* Release */,
			);
			defaultConfigurationIsVisible = 0;
		};
/* End XCConfigurationList section */
	};
	rootObject = 4ACB2B471C3DE46400D1F24E /* Project object */;
}
